
Microsoft Visual Studio Solution File, Format Version 12.00
# Visual Studio 15
VisualStudioVersion = 15.0.28307.960
MinimumVisualStudioVersion = 10.0.40219.1
Project("{FAE04EC0-301F-11D3-BF4B-00C04F79EFBC}") = "AccionlabsTest", "accionlabsTest\AccionlabsTest.csproj", "{80F11D83-7459-4888-8283-DA1CB2E618C3}"
EndProject
Global
	GlobalSection(SolutionConfigurationPlatforms) = preSolution
		Debug|Any CPU = Debug|Any CPU
		Release|Any CPU = Release|Any CPU
	EndGlobalSection
	GlobalSection(ProjectConfigurationPlatforms) = postSolution
		{80F11D83-7459-4888-8283-DA1CB2E618C3}.Debug|Any CPU.ActiveCfg = Debug|Any CPU
		{80F11D83-7459-4888-8283-DA1CB2E618C3}.Debug|Any CPU.Build.0 = Debug|Any CPU
		{80F11D83-7459-4888-8283-DA1CB2E618C3}.Release|Any CPU.ActiveCfg = Release|Any CPU
		{80F11D83-7459-4888-8283-DA1CB2E618C3}.Release|Any CPU.Build.0 = Release|Any CPU
	EndGlobalSection
	GlobalSection(SolutionProperties) = preSolution
		HideSolutionNode = FALSE
	EndGlobalSection
	GlobalSection(ExtensibilityGlobals) = postSolution
		SolutionGuid = {CDE432F4-9359-4E5C-8C1D-5FD2659D8A20}
	EndGlobalSection
EndGlobal
